
Microsoft Visual Studio Solution File, Format Version 12.00
# Visual Studio 15
Project("{FAE04EC0-301F-11D3-BF4B-00C04F79EFBC}") = "Assembly-CSharp", "Assembly-CSharp.csproj", "{41CFE7ED-1EF2-0B7E-E8DD-DE45B9F6B39B}"
EndProject
Project("{FAE04EC0-301F-11D3-BF4B-00C04F79EFBC}") = "AstarPathfindingProject", "AstarPathfindingProject.csproj", "{6C758C63-405C-4AC7-6B9A-6ED564D5C835}"
EndProject
Project("{FAE04EC0-301F-11D3-BF4B-00C04F79EFBC}") = "AstarPathfindingProjectEditor", "AstarPathfindingProjectEditor.csproj", "{E3D633F8-080E-0833-A299-6512EA30E853}"
EndProject
Project("{FAE04EC0-301F-11D3-BF4B-00C04F79EFBC}") = "PackageToolsEditor", "PackageToolsEditor.csproj", "{7832F542-5632-44D7-AB00-8D06D508BDD1}"
EndProject
Global
	GlobalSection(SolutionConfigurationPlatforms) = preSolution
		Debug|Any CPU = Debug|Any CPU
		Release|Any CPU = Release|Any CPU
	EndGlobalSection
	GlobalSection(ProjectConfigurationPlatforms) = postSolution
		{41CFE7ED-1EF2-0B7E-E8DD-DE45B9F6B39B}.Debug|Any CPU.ActiveCfg = Debug|Any CPU
		{41CFE7ED-1EF2-0B7E-E8DD-DE45B9F6B39B}.Debug|Any CPU.Build.0 = Debug|Any CPU
		{41CFE7ED-1EF2-0B7E-E8DD-DE45B9F6B39B}.Release|Any CPU.ActiveCfg = Release|Any CPU
		{41CFE7ED-1EF2-0B7E-E8DD-DE45B9F6B39B}.Release|Any CPU.Build.0 = Release|Any CPU
		{6C758C63-405C-4AC7-6B9A-6ED564D5C835}.Debug|Any CPU.ActiveCfg = Debug|Any CPU
		{6C758C63-405C-4AC7-6B9A-6ED564D5C835}.Debug|Any CPU.Build.0 = Debug|Any CPU
		{6C758C63-405C-4AC7-6B9A-6ED564D5C835}.Release|Any CPU.ActiveCfg = Release|Any CPU
		{6C758C63-405C-4AC7-6B9A-6ED564D5C835}.Release|Any CPU.Build.0 = Release|Any CPU
		{E3D633F8-080E-0833-A299-6512EA30E853}.Debug|Any CPU.ActiveCfg = Debug|Any CPU
		{E3D633F8-080E-0833-A299-6512EA30E853}.Debug|Any CPU.Build.0 = Debug|Any CPU
		{E3D633F8-080E-0833-A299-6512EA30E853}.Release|Any CPU.ActiveCfg = Release|Any CPU
		{E3D633F8-080E-0833-A299-6512EA30E853}.Release|Any CPU.Build.0 = Release|Any CPU
		{7832F542-5632-44D7-AB00-8D06D508BDD1}.Debug|Any CPU.ActiveCfg = Debug|Any CPU
		{7832F542-5632-44D7-AB00-8D06D508BDD1}.Debug|Any CPU.Build.0 = Debug|Any CPU
		{7832F542-5632-44D7-AB00-8D06D508BDD1}.Release|Any CPU.ActiveCfg = Release|Any CPU
		{7832F542-5632-44D7-AB00-8D06D508BDD1}.Release|Any CPU.Build.0 = Release|Any CPU
	EndGlobalSection
	GlobalSection(SolutionProperties) = preSolution
		HideSolutionNode = FALSE
	EndGlobalSection
EndGlobal
