
Microsoft Visual Studio Solution File, Format Version 12.00
# Visual Studio 15
Project("{FAE04EC0-301F-11D3-BF4B-00C04F79EFBC}") = "Assembly-CSharp", "Assembly-CSharp.csproj", "{D2CD3693-A370-8CD4-DB4F-1ECD7DA34B0F}"
EndProject
Project("{FAE04EC0-301F-11D3-BF4B-00C04F79EFBC}") = "AstarPathfindingProject", "AstarPathfindingProject.csproj", "{5EB9FD96-9826-E734-DBDF-DE68CC16FE21}"
EndProject
Project("{FAE04EC0-301F-11D3-BF4B-00C04F79EFBC}") = "AstarPathfindingProjectEditor", "AstarPathfindingProjectEditor.csproj", "{DB416F15-578A-7AC2-5F92-FC00BBCE0834}"
EndProject
Project("{FAE04EC0-301F-11D3-BF4B-00C04F79EFBC}") = "PackageToolsEditor", "PackageToolsEditor.csproj", "{26927E7D-43F8-172D-36DD-0E8ADB122246}"
EndProject
Global
	GlobalSection(SolutionConfigurationPlatforms) = preSolution
		Debug|Any CPU = Debug|Any CPU
		Release|Any CPU = Release|Any CPU
	EndGlobalSection
	GlobalSection(ProjectConfigurationPlatforms) = postSolution
		{D2CD3693-A370-8CD4-DB4F-1ECD7DA34B0F}.Debug|Any CPU.ActiveCfg = Debug|Any CPU
		{D2CD3693-A370-8CD4-DB4F-1ECD7DA34B0F}.Debug|Any CPU.Build.0 = Debug|Any CPU
		{D2CD3693-A370-8CD4-DB4F-1ECD7DA34B0F}.Release|Any CPU.ActiveCfg = Release|Any CPU
		{D2CD3693-A370-8CD4-DB4F-1ECD7DA34B0F}.Release|Any CPU.Build.0 = Release|Any CPU
		{5EB9FD96-9826-E734-DBDF-DE68CC16FE21}.Debug|Any CPU.ActiveCfg = Debug|Any CPU
		{5EB9FD96-9826-E734-DBDF-DE68CC16FE21}.Debug|Any CPU.Build.0 = Debug|Any CPU
		{5EB9FD96-9826-E734-DBDF-DE68CC16FE21}.Release|Any CPU.ActiveCfg = Release|Any CPU
		{5EB9FD96-9826-E734-DBDF-DE68CC16FE21}.Release|Any CPU.Build.0 = Release|Any CPU
		{DB416F15-578A-7AC2-5F92-FC00BBCE0834}.Debug|Any CPU.ActiveCfg = Debug|Any CPU
		{DB416F15-578A-7AC2-5F92-FC00BBCE0834}.Debug|Any CPU.Build.0 = Debug|Any CPU
		{DB416F15-578A-7AC2-5F92-FC00BBCE0834}.Release|Any CPU.ActiveCfg = Release|Any CPU
		{DB416F15-578A-7AC2-5F92-FC00BBCE0834}.Release|Any CPU.Build.0 = Release|Any CPU
		{26927E7D-43F8-172D-36DD-0E8ADB122246}.Debug|Any CPU.ActiveCfg = Debug|Any CPU
		{26927E7D-43F8-172D-36DD-0E8ADB122246}.Debug|Any CPU.Build.0 = Debug|Any CPU
		{26927E7D-43F8-172D-36DD-0E8ADB122246}.Release|Any CPU.ActiveCfg = Release|Any CPU
		{26927E7D-43F8-172D-36DD-0E8ADB122246}.Release|Any CPU.Build.0 = Release|Any CPU
	EndGlobalSection
	GlobalSection(SolutionProperties) = preSolution
		HideSolutionNode = FALSE
	EndGlobalSection
EndGlobal
